// !$*UTF8*$!
{
	archiveVersion = 1;
	classes = {
	};
	objectVersion = 52;
	objects = {

/* Begin PBXBuildFile section */
		DA955A3224D09C640034A26F /* EWSDB.framework in Frameworks */ = {isa = PBXBuildFile; fileRef = DA955A2824D09C640034A26F /* EWSDB.framework */; };
		DA955A3724D09C640034A26F /* EWSDBTests.swift in Sources */ = {isa = PBXBuildFile; fileRef = DA955A3624D09C640034A26F /* EWSDBTests.swift */; };
		DA955A3924D09C640034A26F /* EWSDB.h in Headers */ = {isa = PBXBuildFile; fileRef = DA955A2B24D09C640034A26F /* EWSDB.h */; settings = {ATTRIBUTES = (Public, ); }; };
		DA955A4424D09D5E0034A26F /* FMDB in Frameworks */ = {isa = PBXBuildFile; productRef = DA955A4324D09D5E0034A26F /* FMDB */; };
		DA955A4624D09D700034A26F /* DBManager.swift in Sources */ = {isa = PBXBuildFile; fileRef = DA955A4524D09D700034A26F /* DBManager.swift */; };
/* End PBXBuildFile section */

/* Begin PBXContainerItemProxy section */
		DA955A3324D09C640034A26F /* PBXContainerItemProxy */ = {
			isa = PBXContainerItemProxy;
			containerPortal = DA955A1F24D09C640034A26F /* Project object */;
			proxyType = 1;
			remoteGlobalIDString = DA955A2724D09C640034A26F;
			remoteInfo = EWSDB;
		};
/* End PBXContainerItemProxy section */

/* Begin PBXFileReference section */
		DA955A2824D09C640034A26F /* EWSDB.framework */ = {isa = PBXFileReference; explicitFileType = wrapper.framework; includeInIndex = 0; path = EWSDB.framework; sourceTree = BUILT_PRODUCTS_DIR; };
		DA955A2B24D09C640034A26F /* EWSDB.h */ = {isa = PBXFileReference; lastKnownFileType = sourcecode.c.h; path = EWSDB.h; sourceTree = "<group>"; };
		DA955A2C24D09C640034A26F /* Info.plist */ = {isa = PBXFileReference; lastKnownFileType = text.plist.xml; path = Info.plist; sourceTree = "<group>"; };
		DA955A3124D09C640034A26F /* EWSDBTests.xctest */ = {isa = PBXFileReference; explicitFileType = wrapper.cfbundle; includeInIndex = 0; path = EWSDBTests.xctest; sourceTree = BUILT_PRODUCTS_DIR; };
		DA955A3624D09C640034A26F /* EWSDBTests.swift */ = {isa = PBXFileReference; lastKnownFileType = sourcecode.swift; path = EWSDBTests.swift; sourceTree = "<group>"; };
		DA955A3824D09C640034A26F /* Info.plist */ = {isa = PBXFileReference; lastKnownFileType = text.plist.xml; path = Info.plist; sourceTree = "<group>"; };
		DA955A4524D09D700034A26F /* DBManager.swift */ = {isa = PBXFileReference; lastKnownFileType = sourcecode.swift; path = DBManager.swift; sourceTree = "<group>"; };
/* End PBXFileReference section */

/* Begin PBXFrameworksBuildPhase section */
		DA955A2524D09C640034A26F /* Frameworks */ = {
			isa = PBXFrameworksBuildPhase;
			buildActionMask = 2147483647;
			files = (
				DA955A4424D09D5E0034A26F /* FMDB in Frameworks */,
			);
			runOnlyForDeploymentPostprocessing = 0;
		};
		DA955A2E24D09C640034A26F /* Frameworks */ = {
			isa = PBXFrameworksBuildPhase;
			buildActionMask = 2147483647;
			files = (
				DA955A3224D09C640034A26F /* EWSDB.framework in Frameworks */,
			);
			runOnlyForDeploymentPostprocessing = 0;
		};
/* End PBXFrameworksBuildPhase section */

/* Begin PBXGroup section */
		DA955A1E24D09C640034A26F = {
			isa = PBXGroup;
			children = (
				DA955A2A24D09C640034A26F /* EWSDB */,
				DA955A3524D09C640034A26F /* EWSDBTests */,
				DA955A2924D09C640034A26F /* Products */,
			);
			sourceTree = "<group>";
		};
		DA955A2924D09C640034A26F /* Products */ = {
			isa = PBXGroup;
			children = (
				DA955A2824D09C640034A26F /* EWSDB.framework */,
				DA955A3124D09C640034A26F /* EWSDBTests.xctest */,
			);
			name = Products;
			sourceTree = "<group>";
		};
		DA955A2A24D09C640034A26F /* EWSDB */ = {
			isa = PBXGroup;
			children = (
				DA955A2B24D09C640034A26F /* EWSDB.h */,
				DA955A2C24D09C640034A26F /* Info.plist */,
				DA955A4524D09D700034A26F /* DBManager.swift */,
			);
			path = EWSDB;
			sourceTree = "<group>";
		};
		DA955A3524D09C640034A26F /* EWSDBTests */ = {
			isa = PBXGroup;
			children = (
				DA955A3624D09C640034A26F /* EWSDBTests.swift */,
				DA955A3824D09C640034A26F /* Info.plist */,
			);
			path = EWSDBTests;
			sourceTree = "<group>";
		};
/* End PBXGroup section */

/* Begin PBXHeadersBuildPhase section */
		DA955A2324D09C640034A26F /* Headers */ = {
			isa = PBXHeadersBuildPhase;
			buildActionMask = 2147483647;
			files = (
				DA955A3924D09C640034A26F /* EWSDB.h in Headers */,
			);
			runOnlyForDeploymentPostprocessing = 0;
		};
/* End PBXHeadersBuildPhase section */

/* Begin PBXNativeTarget section */
		DA955A2724D09C640034A26F /* EWSDB */ = {
			isa = PBXNativeTarget;
			buildConfigurationList = DA955A3C24D09C640034A26F /* Build configuration list for PBXNativeTarget "EWSDB" */;
			buildPhases = (
				DA955A2324D09C640034A26F /* Headers */,
				DA955A2424D09C640034A26F /* Sources */,
				DA955A2524D09C640034A26F /* Frameworks */,
				DA955A2624D09C640034A26F /* Resources */,
			);
			buildRules = (
			);
			dependencies = (
			);
			name = EWSDB;
			packageProductDependencies = (
				DA955A4324D09D5E0034A26F /* FMDB */,
			);
			productName = EWSDB;
			productReference = DA955A2824D09C640034A26F /* EWSDB.framework */;
			productType = "com.apple.product-type.framework";
		};
		DA955A3024D09C640034A26F /* EWSDBTests */ = {
			isa = PBXNativeTarget;
			buildConfigurationList = DA955A3F24D09C640034A26F /* Build configuration list for PBXNativeTarget "EWSDBTests" */;
			buildPhases = (
				DA955A2D24D09C640034A26F /* Sources */,
				DA955A2E24D09C640034A26F /* Frameworks */,
				DA955A2F24D09C640034A26F /* Resources */,
			);
			buildRules = (
			);
			dependencies = (
				DA955A3424D09C640034A26F /* PBXTargetDependency */,
			);
			name = EWSDBTests;
			productName = EWSDBTests;
			productReference = DA955A3124D09C640034A26F /* EWSDBTests.xctest */;
			productType = "com.apple.product-type.bundle.unit-test";
		};
/* End PBXNativeTarget section */

/* Begin PBXProject section */
		DA955A1F24D09C640034A26F /* Project object */ = {
			isa = PBXProject;
			attributes = {
				LastSwiftUpdateCheck = 1200;
				LastUpgradeCheck = 1200;
				TargetAttributes = {
					DA955A2724D09C640034A26F = {
						CreatedOnToolsVersion = 12.0;
						LastSwiftMigration = 1200;
					};
					DA955A3024D09C640034A26F = {
						CreatedOnToolsVersion = 12.0;
					};
				};
			};
			buildConfigurationList = DA955A2224D09C640034A26F /* Build configuration list for PBXProject "EWSDB" */;
			compatibilityVersion = "Xcode 9.3";
			developmentRegion = en;
			hasScannedForEncodings = 0;
			knownRegions = (
				en,
				Base,
			);
			mainGroup = DA955A1E24D09C640034A26F;
			packageReferences = (
				DA955A4224D09D5E0034A26F /* XCRemoteSwiftPackageReference "fmdb" */,
			);
			productRefGroup = DA955A2924D09C640034A26F /* Products */;
			projectDirPath = "";
			projectRoot = "";
			targets = (
				DA955A2724D09C640034A26F /* EWSDB */,
				DA955A3024D09C640034A26F /* EWSDBTests */,
			);
		};
/* End PBXProject section */

/* Begin PBXResourcesBuildPhase section */
		DA955A2624D09C640034A26F /* Resources */ = {
			isa = PBXResourcesBuildPhase;
			buildActionMask = 2147483647;
			files = (
			);
			runOnlyForDeploymentPostprocessing = 0;
		};
		DA955A2F24D09C640034A26F /* Resources */ = {
			isa = PBXResourcesBuildPhase;
			buildActionMask = 2147483647;
			files = (
			);
			runOnlyForDeploymentPostprocessing = 0;
		};
/* End PBXResourcesBuildPhase section */

/* Begin PBXSourcesBuildPhase section */
		DA955A2424D09C640034A26F /* Sources */ = {
			isa = PBXSourcesBuildPhase;
			buildActionMask = 2147483647;
			files = (
				DA955A4624D09D700034A26F /* DBManager.swift in Sources */,
			);
			runOnlyForDeploymentPostprocessing = 0;
		};
		DA955A2D24D09C640034A26F /* Sources */ = {
			isa = PBXSourcesBuildPhase;
			buildActionMask = 2147483647;
			files = (
				DA955A3724D09C640034A26F /* EWSDBTests.swift in Sources */,
			);
			runOnlyForDeploymentPostprocessing = 0;
		};
/* End PBXSourcesBuildPhase section */

/* Begin PBXTargetDependency section */
		DA955A3424D09C640034A26F /* PBXTargetDependency */ = {
			isa = PBXTargetDependency;
			target = DA955A2724D09C640034A26F /* EWSDB */;
			targetProxy = DA955A3324D09C640034A26F /* PBXContainerItemProxy */;
		};
/* End PBXTargetDependency section */

/* Begin XCBuildConfiguration section */
		DA955A3A24D09C640034A26F /* Debug */ = {
			isa = XCBuildConfiguration;
			buildSettings = {
				ALWAYS_SEARCH_USER_PATHS = NO;
				CLANG_ANALYZER_NONNULL = YES;
				CLANG_ANALYZER_NUMBER_OBJECT_CONVERSION = YES_AGGRESSIVE;
				CLANG_CXX_LANGUAGE_STANDARD = "gnu++14";
				CLANG_CXX_LIBRARY = "libc++";
				CLANG_ENABLE_MODULES = YES;
				CLANG_ENABLE_OBJC_ARC = YES;
				CLANG_ENABLE_OBJC_WEAK = YES;
				CLANG_WARN_BLOCK_CAPTURE_AUTORELEASING = YES;
				CLANG_WARN_BOOL_CONVERSION = YES;
				CLANG_WARN_COMMA = YES;
				CLANG_WARN_CONSTANT_CONVERSION = YES;
				CLANG_WARN_DEPRECATED_OBJC_IMPLEMENTATIONS = YES;
				CLANG_WARN_DIRECT_OBJC_ISA_USAGE = YES_ERROR;
				CLANG_WARN_DOCUMENTATION_COMMENTS = YES;
				CLANG_WARN_EMPTY_BODY = YES;
				CLANG_WARN_ENUM_CONVERSION = YES;
				CLANG_WARN_INFINITE_RECURSION = YES;
				CLANG_WARN_INT_CONVERSION = YES;
				CLANG_WARN_NON_LITERAL_NULL_CONVERSION = YES;
				CLANG_WARN_OBJC_IMPLICIT_RETAIN_SELF = YES;
				CLANG_WARN_OBJC_LITERAL_CONVERSION = YES;
				CLANG_WARN_OBJC_ROOT_CLASS = YES_ERROR;
				CLANG_WARN_QUOTED_INCLUDE_IN_FRAMEWORK_HEADER = YES;
				CLANG_WARN_RANGE_LOOP_ANALYSIS = YES;
				CLANG_WARN_STRICT_PROTOTYPES = YES;
				CLANG_WARN_SUSPICIOUS_MOVE = YES;
				CLANG_WARN_UNGUARDED_AVAILABILITY = YES_AGGRESSIVE;
				CLANG_WARN_UNREACHABLE_CODE = YES;
				CLANG_WARN__DUPLICATE_METHOD_MATCH = YES;
				COPY_PHASE_STRIP = NO;
				CURRENT_PROJECT_VERSION = 1;
				DEBUG_INFORMATION_FORMAT = dwarf;
				ENABLE_STRICT_OBJC_MSGSEND = YES;
				ENABLE_TESTABILITY = YES;
				GCC_C_LANGUAGE_STANDARD = gnu11;
				GCC_DYNAMIC_NO_PIC = NO;
				GCC_NO_COMMON_BLOCKS = YES;
				GCC_OPTIMIZATION_LEVEL = 0;
				GCC_PREPROCESSOR_DEFINITIONS = (
					"DEBUG=1",
					"$(inherited)",
				);
				GCC_WARN_64_TO_32_BIT_CONVERSION = YES;
				GCC_WARN_ABOUT_RETURN_TYPE = YES_ERROR;
				GCC_WARN_UNDECLARED_SELECTOR = YES;
				GCC_WARN_UNINITIALIZED_AUTOS = YES_AGGRESSIVE;
				GCC_WARN_UNUSED_FUNCTION = YES;
				GCC_WARN_UNUSED_VARIABLE = YES;
				IPHONEOS_DEPLOYMENT_TARGET = 14.0;
				MTL_ENABLE_DEBUG_INFO = INCLUDE_SOURCE;
				MTL_FAST_MATH = YES;
				ONLY_ACTIVE_ARCH = YES;
				SDKROOT = iphoneos;
				SWIFT_ACTIVE_COMPILATION_CONDITIONS = DEBUG;
				SWIFT_OPTIMIZATION_LEVEL = "-Onone";
				VERSIONING_SYSTEM = "apple-generic";
				VERSION_INFO_PREFIX = "";
			};
			name = Debug;
		};
		DA955A3B24D09C640034A26F /* Release */ = {
			isa = XCBuildConfiguration;
			buildSettings = {
				ALWAYS_SEARCH_USER_PATHS = NO;
				CLANG_ANALYZER_NONNULL = YES;
				CLANG_ANALYZER_NUMBER_OBJECT_CONVERSION = YES_AGGRESSIVE;
				CLANG_CXX_LANGUAGE_STANDARD = "gnu++14";
				CLANG_CXX_LIBRARY = "libc++";
				CLANG_ENABLE_MODULES = YES;
				CLANG_ENABLE_OBJC_ARC = YES;
				CLANG_ENABLE_OBJC_WEAK = YES;
				CLANG_WARN_BLOCK_CAPTURE_AUTORELEASING = YES;
				CLANG_WARN_BOOL_CONVERSION = YES;
				CLANG_WARN_COMMA = YES;
				CLANG_WARN_CONSTANT_CONVERSION = YES;
				CLANG_WARN_DEPRECATED_OBJC_IMPLEMENTATIONS = YES;
				CLANG_WARN_DIRECT_OBJC_ISA_USAGE = YES_ERROR;
				CLANG_WARN_DOCUMENTATION_COMMENTS = YES;
				CLANG_WARN_EMPTY_BODY = YES;
				CLANG_WARN_ENUM_CONVERSION = YES;
				CLANG_WARN_INFINITE_RECURSION = YES;
				CLANG_WARN_INT_CONVERSION = YES;
				CLANG_WARN_NON_LITERAL_NULL_CONVERSION = YES;
				CLANG_WARN_OBJC_IMPLICIT_RETAIN_SELF = YES;
				CLANG_WARN_OBJC_LITERAL_CONVERSION = YES;
				CLANG_WARN_OBJC_ROOT_CLASS = YES_ERROR;
				CLANG_WARN_QUOTED_INCLUDE_IN_FRAMEWORK_HEADER = YES;
				CLANG_WARN_RANGE_LOOP_ANALYSIS = YES;
				CLANG_WARN_STRICT_PROTOTYPES = YES;
				CLANG_WARN_SUSPICIOUS_MOVE = YES;
				CLANG_WARN_UNGUARDED_AVAILABILITY = YES_AGGRESSIVE;
				CLANG_WARN_UNREACHABLE_CODE = YES;
				CLANG_WARN__DUPLICATE_METHOD_MATCH = YES;
				COPY_PHASE_STRIP = NO;
				CURRENT_PROJECT_VERSION = 1;
				DEBUG_INFORMATION_FORMAT = "dwarf-with-dsym";
				ENABLE_NS_ASSERTIONS = NO;
				ENABLE_STRICT_OBJC_MSGSEND = YES;
				GCC_C_LANGUAGE_STANDARD = gnu11;
				GCC_NO_COMMON_BLOCKS = YES;
				GCC_WARN_64_TO_32_BIT_CONVERSION = YES;
				GCC_WARN_ABOUT_RETURN_TYPE = YES_ERROR;
				GCC_WARN_UNDECLARED_SELECTOR = YES;
				GCC_WARN_UNINITIALIZED_AUTOS = YES_AGGRESSIVE;
				GCC_WARN_UNUSED_FUNCTION = YES;
				GCC_WARN_UNUSED_VARIABLE = YES;
				IPHONEOS_DEPLOYMENT_TARGET = 14.0;
				MTL_ENABLE_DEBUG_INFO = NO;
				MTL_FAST_MATH = YES;
				SDKROOT = iphoneos;
				SWIFT_COMPILATION_MODE = wholemodule;
				SWIFT_OPTIMIZATION_LEVEL = "-O";
				VALIDATE_PRODUCT = YES;
				VERSIONING_SYSTEM = "apple-generic";
				VERSION_INFO_PREFIX = "";
			};
			name = Release;
		};
		DA955A3D24D09C640034A26F /* Debug */ = {
			isa = XCBuildConfiguration;
			buildSettings = {
				CLANG_ENABLE_MODULES = YES;
				CODE_SIGN_STYLE = Automatic;
				DEFINES_MODULE = YES;
				DYLIB_COMPATIBILITY_VERSION = 1;
				DYLIB_CURRENT_VERSION = 1;
				DYLIB_INSTALL_NAME_BASE = "@rpath";
				INFOPLIST_FILE = EWSDB/Info.plist;
				INSTALL_PATH = "$(LOCAL_LIBRARY_DIR)/Frameworks";
				LD_RUNPATH_SEARCH_PATHS = (
					"$(inherited)",
					"@executable_path/Frameworks",
					"@loader_path/Frameworks",
				);
				PRODUCT_BUNDLE_IDENTIFIER = com.ericschramm.EWSDB;
				PRODUCT_NAME = "$(TARGET_NAME:c99extidentifier)";
				SKIP_INSTALL = YES;
				SWIFT_OPTIMIZATION_LEVEL = "-Onone";
				SWIFT_VERSION = 5.0;
				TARGETED_DEVICE_FAMILY = "1,2";
			};
			name = Debug;
		};
		DA955A3E24D09C640034A26F /* Release */ = {
			isa = XCBuildConfiguration;
			buildSettings = {
				CLANG_ENABLE_MODULES = YES;
				CODE_SIGN_STYLE = Automatic;
				DEFINES_MODULE = YES;
				DYLIB_COMPATIBILITY_VERSION = 1;
				DYLIB_CURRENT_VERSION = 1;
				DYLIB_INSTALL_NAME_BASE = "@rpath";
				INFOPLIST_FILE = EWSDB/Info.plist;
				INSTALL_PATH = "$(LOCAL_LIBRARY_DIR)/Frameworks";
				LD_RUNPATH_SEARCH_PATHS = (
					"$(inherited)",
					"@executable_path/Frameworks",
					"@loader_path/Frameworks",
				);
				PRODUCT_BUNDLE_IDENTIFIER = com.ericschramm.EWSDB;
				PRODUCT_NAME = "$(TARGET_NAME:c99extidentifier)";
				SKIP_INSTALL = YES;
				SWIFT_VERSION = 5.0;
				TARGETED_DEVICE_FAMILY = "1,2";
			};
			name = Release;
		};
		DA955A4024D09C640034A26F /* Debug */ = {
			isa = XCBuildConfiguration;
			buildSettings = {
				ALWAYS_EMBED_SWIFT_STANDARD_LIBRARIES = YES;
				CODE_SIGN_STYLE = Automatic;
				INFOPLIST_FILE = EWSDBTests/Info.plist;
				LD_RUNPATH_SEARCH_PATHS = (
					"$(inherited)",
					"@executable_path/Frameworks",
					"@loader_path/Frameworks",
				);
				PRODUCT_BUNDLE_IDENTIFIER = com.ericschramm.EWSDBTests;
				PRODUCT_NAME = "$(TARGET_NAME)";
				SWIFT_VERSION = 5.0;
				TARGETED_DEVICE_FAMILY = "1,2";
			};
			name = Debug;
		};
		DA955A4124D09C640034A26F /* Release */ = {
			isa = XCBuildConfiguration;
			buildSettings = {
				ALWAYS_EMBED_SWIFT_STANDARD_LIBRARIES = YES;
				CODE_SIGN_STYLE = Automatic;
				INFOPLIST_FILE = EWSDBTests/Info.plist;
				LD_RUNPATH_SEARCH_PATHS = (
					"$(inherited)",
					"@executable_path/Frameworks",
					"@loader_path/Frameworks",
				);
				PRODUCT_BUNDLE_IDENTIFIER = com.ericschramm.EWSDBTests;
				PRODUCT_NAME = "$(TARGET_NAME)";
				SWIFT_VERSION = 5.0;
				TARGETED_DEVICE_FAMILY = "1,2";
			};
			name = Release;
		};
/* End XCBuildConfiguration section */

/* Begin XCConfigurationList section */
		DA955A2224D09C640034A26F /* Build configuration list for PBXProject "EWSDB" */ = {
			isa = XCConfigurationList;
			buildConfigurations = (
				DA955A3A24D09C640034A26F /* Debug */,
				DA955A3B24D09C640034A26F /* Release */,
			);
			defaultConfigurationIsVisible = 0;
			defaultConfigurationName = Release;
		};
		DA955A3C24D09C640034A26F /* Build configuration list for PBXNativeTarget "EWSDB" */ = {
			isa = XCConfigurationList;
			buildConfigurations = (
				DA955A3D24D09C640034A26F /* Debug */,
				DA955A3E24D09C640034A26F /* Release */,
			);
			defaultConfigurationIsVisible = 0;
			defaultConfigurationName = Release;
		};
		DA955A3F24D09C640034A26F /* Build configuration list for PBXNativeTarget "EWSDBTests" */ = {
			isa = XCConfigurationList;
			buildConfigurations = (
				DA955A4024D09C640034A26F /* Debug */,
				DA955A4124D09C640034A26F /* Release */,
			);
			defaultConfigurationIsVisible = 0;
			defaultConfigurationName = Release;
		};
/* End XCConfigurationList section */

/* Begin XCRemoteSwiftPackageReference section */
		DA955A4224D09D5E0034A26F /* XCRemoteSwiftPackageReference "fmdb" */ = {
			isa = XCRemoteSwiftPackageReference;
			repositoryURL = "git@github.com:ccgus/fmdb.git";
			requirement = {
				branch = master;
				kind = branch;
			};
		};
/* End XCRemoteSwiftPackageReference section */

/* Begin XCSwiftPackageProductDependency section */
		DA955A4324D09D5E0034A26F /* FMDB */ = {
			isa = XCSwiftPackageProductDependency;
			package = DA955A4224D09D5E0034A26F /* XCRemoteSwiftPackageReference "fmdb" */;
			productName = FMDB;
		};
/* End XCSwiftPackageProductDependency section */
	};
	rootObject = DA955A1F24D09C640034A26F /* Project object */;
}
